PODS:
  - GoogleAds-IMA-iOS-SDK (3.3.1)
  - JWPlayer-SDK (2.7.9)

DEPENDENCIES:
  - GoogleAds-IMA-iOS-SDK (= 3.3.1)
  - JWPlayer-SDK (~> 2.0)

SPEC CHECKSUMS:
  GoogleAds-IMA-iOS-SDK: 5643300870bd3289c47c0d0b5a2dbf595b05c336
  JWPlayer-SDK: 57a774e57936e17f075d479801302d6ccdc251a9

PODFILE CHECKSUM: b060cd0804847bc8ce5fe556eda4cf2e2f57f1b3

COCOAPODS: 1.2.0
